github.com/oarkflow/bcl v0.0.28 h1:Mp6AqffT1JKhV0JhlwiQF3PzrlTwNJBTCPPhYsLNEMA=
github.com/oarkflow/bcl v0.0.28/go.mod h1:lNYKV/E26zOcrXvA1mfyU7yy0BIGiqQFuCaVUka85oM=
github.com/oarkflow/fastjson v0.0.2 h1:yg+Xr+A5WVvk/8bb4dV3eEmArK4syqlMtiCJJr+29NA=
github.com/oarkflow/fastjson v0.0.2/go.mod h1:WenJ98HqHqkTmiuJgHTlEqCYsoQR+qHNTLORQlQIKHU=
